// !$*UTF8*$!
{
	archiveVersion = 1;
	classes = {
	};
	objectVersion = 46;
	objects = {

/* Begin PBXBuildFile section */
		BB0F7A271C9337D100BDBB2E /* AppDelegate.swift in Sources */ = {isa = PBXBuildFile; fileRef = BB0F7A261C9337D100BDBB2E /* AppDelegate.swift */; };
		BB0F7A291C9337D100BDBB2E /* ViewController.swift in Sources */ = {isa = PBXBuildFile; fileRef = BB0F7A281C9337D100BDBB2E /* ViewController.swift */; };
		BB0F7A2C1C9337D100BDBB2E /* Main.storyboard in Resources */ = {isa = PBXBuildFile; fileRef = BB0F7A2A1C9337D100BDBB2E /* Main.storyboard */; };
		BB0F7A2E1C9337D200BDBB2E /* Assets.xcassets in Resources */ = {isa = PBXBuildFile; fileRef = BB0F7A2D1C9337D200BDBB2E /* Assets.xcassets */; };
		BB0F7A311C9337D200BDBB2E /* LaunchScreen.storyboard in Resources */ = {isa = PBXBuildFile; fileRef = BB0F7A2F1C9337D200BDBB2E /* LaunchScreen.storyboard */; };
		BB0F7A3C1C9337D200BDBB2E /* IOS01Tests.swift in Sources */ = {isa = PBXBuildFile; fileRef = BB0F7A3B1C9337D200BDBB2E /* IOS01Tests.swift */; };
		BB0F7A471C9337D200BDBB2E /* IOS01UITests.swift in Sources */ = {isa = PBXBuildFile; fileRef = BB0F7A461C9337D200BDBB2E /* IOS01UITests.swift */; };
/* End PBXBuildFile section */

/* Begin PBXContainerItemProxy section */
		BB0F7A381C9337D200BDBB2E /* PBXContainerItemProxy */ = {
			isa = PBXContainerItemProxy;
			containerPortal = BB0F7A1B1C9337D100BDBB2E /* Project object */;
			proxyType = 1;
			remoteGlobalIDString = BB0F7A221C9337D100BDBB2E;
			remoteInfo = IOS01;
		};
		BB0F7A431C9337D200BDBB2E /* PBXContainerItemProxy */ = {
			isa = PBXContainerItemProxy;
			containerPortal = BB0F7A1B1C9337D100BDBB2E /* Project object */;
			proxyType = 1;
			remoteGlobalIDString = BB0F7A221C9337D100BDBB2E;
			remoteInfo = IOS01;
		};
/* End PBXContainerItemProxy section */

/* Begin PBXFileReference section */
		BB0F7A231C9337D100BDBB2E /* IOS01.app */ = {isa = PBXFileReference; explicitFileType = wrapper.application; includeInIndex = 0; path = IOS01.app; sourceTree = BUILT_PRODUCTS_DIR; };
		BB0F7A261C9337D100BDBB2E /* AppDelegate.swift */ = {isa = PBXFileReference; lastKnownFileType = sourcecode.swift; path = AppDelegate.swift; sourceTree = "<group>"; };
		BB0F7A281C9337D100BDBB2E /* ViewController.swift */ = {isa = PBXFileReference; lastKnownFileType = sourcecode.swift; path = ViewController.swift; sourceTree = "<group>"; };
		BB0F7A2B1C9337D100BDBB2E /* Base */ = {isa = PBXFileReference; lastKnownFileType = file.storyboard; name = Base; path = Base.lproj/Main.storyboard; sourceTree = "<group>"; };
		BB0F7A2D1C9337D200BDBB2E /* Assets.xcassets */ = {isa = PBXFileReference; lastKnownFileType = folder.assetcatalog; path = Assets.xcassets; sourceTree = "<group>"; };
		BB0F7A301C9337D200BDBB2E /* Base */ = {isa = PBXFileReference; lastKnownFileType = file.storyboard; name = Base; path = Base.lproj/LaunchScreen.storyboard; sourceTree = "<group>"; };
		BB0F7A321C9337D200BDBB2E /* Info.plist */ = {isa = PBXFileReference; lastKnownFileType = text.plist.xml; path = Info.plist; sourceTree = "<group>"; };
		BB0F7A371C9337D200BDBB2E /* IOS01Tests.xctest */ = {isa = PBXFileReference; explicitFileType = wrapper.cfbundle; includeInIndex = 0; path = IOS01Tests.xctest; sourceTree = BUILT_PRODUCTS_DIR; };
		BB0F7A3B1C9337D200BDBB2E /* IOS01Tests.swift */ = {isa = PBXFileReference; lastKnownFileType = sourcecode.swift; path = IOS01Tests.swift; sourceTree = "<group>"; };
		BB0F7A3D1C9337D200BDBB2E /* Info.plist */ = {isa = PBXFileReference; lastKnownFileType = text.plist.xml; path = Info.plist; sourceTree = "<group>"; };
		BB0F7A421C9337D200BDBB2E /* IOS01UITests.xctest */ = {isa = PBXFileReference; explicitFileType = wrapper.cfbundle; includeInIndex = 0; path = IOS01UITests.xctest; sourceTree = BUILT_PRODUCTS_DIR; };
		BB0F7A461C9337D200BDBB2E /* IOS01UITests.swift */ = {isa = PBXFileReference; lastKnownFileType = sourcecode.swift; path = IOS01UITests.swift; sourceTree = "<group>"; };
		BB0F7A481C9337D200BDBB2E /* Info.plist */ = {isa = PBXFileReference; lastKnownFileType = text.plist.xml; path = Info.plist; sourceTree = "<group>"; };
/* End PBXFileReference section */

/* Begin PBXFrameworksBuildPhase section */
		BB0F7A201C9337D100BDBB2E /* Frameworks */ = {
			isa = PBXFrameworksBuildPhase;
			buildActionMask = 2147483647;
			files = (
			);
			runOnlyForDeploymentPostprocessing = 0;
		};
		BB0F7A341C9337D200BDBB2E /* Frameworks */ = {
			isa = PBXFrameworksBuildPhase;
			buildActionMask = 2147483647;
			files = (
			);
			runOnlyForDeploymentPostprocessing = 0;
		};
		BB0F7A3F1C9337D200BDBB2E /* Frameworks */ = {
			isa = PBXFrameworksBuildPhase;
			buildActionMask = 2147483647;
			files = (
			);
			runOnlyForDeploymentPostprocessing = 0;
		};
/* End PBXFrameworksBuildPhase section */

/* Begin PBXGroup section */
		BB0F7A1A1C9337D000BDBB2E = {
			isa = PBXGroup;
			children = (
				BB0F7A251C9337D100BDBB2E /* IOS01 */,
				BB0F7A3A1C9337D200BDBB2E /* IOS01Tests */,
				BB0F7A451C9337D200BDBB2E /* IOS01UITests */,
				BB0F7A241C9337D100BDBB2E /* Products */,
			);
			sourceTree = "<group>";
		};
		BB0F7A241C9337D100BDBB2E /* Products */ = {
			isa = PBXGroup;
			children = (
				BB0F7A231C9337D100BDBB2E /* IOS01.app */,
				BB0F7A371C9337D200BDBB2E /* IOS01Tests.xctest */,
				BB0F7A421C9337D200BDBB2E /* IOS01UITests.xctest */,
			);
			name = Products;
			sourceTree = "<group>";
		};
		BB0F7A251C9337D100BDBB2E /* IOS01 */ = {
			isa = PBXGroup;
			children = (
				BB0F7A261C9337D100BDBB2E /* AppDelegate.swift */,
				BB0F7A281C9337D100BDBB2E /* ViewController.swift */,
				BB0F7A2A1C9337D100BDBB2E /* Main.storyboard */,
				BB0F7A2D1C9337D200BDBB2E /* Assets.xcassets */,
				BB0F7A2F1C9337D200BDBB2E /* LaunchScreen.storyboard */,
				BB0F7A321C9337D200BDBB2E /* Info.plist */,
			);
			path = IOS01;
			sourceTree = "<group>";
		};
		BB0F7A3A1C9337D200BDBB2E /* IOS01Tests */ = {
			isa = PBXGroup;
			children = (
				BB0F7A3B1C9337D200BDBB2E /* IOS01Tests.swift */,
				BB0F7A3D1C9337D200BDBB2E /* Info.plist */,
			);
			path = IOS01Tests;
			sourceTree = "<group>";
		};
		BB0F7A451C9337D200BDBB2E /* IOS01UITests */ = {
			isa = PBXGroup;
			children = (
				BB0F7A461C9337D200BDBB2E /* IOS01UITests.swift */,
				BB0F7A481C9337D200BDBB2E /* Info.plist */,
			);
			path = IOS01UITests;
			sourceTree = "<group>";
		};
/* End PBXGroup section */

/* Begin PBXNativeTarget section */
		BB0F7A221C9337D100BDBB2E /* IOS01 */ = {
			isa = PBXNativeTarget;
			buildConfigurationList = BB0F7A4B1C9337D200BDBB2E /* Build configuration list for PBXNativeTarget "IOS01" */;
			buildPhases = (
				BB0F7A1F1C9337D100BDBB2E /* Sources */,
				BB0F7A201C9337D100BDBB2E /* Frameworks */,
				BB0F7A211C9337D100BDBB2E /* Resources */,
			);
			buildRules = (
			);
			dependencies = (
			);
			name = IOS01;
			productName = IOS01;
			productReference = BB0F7A231C9337D100BDBB2E /* IOS01.app */;
			productType = "com.apple.product-type.application";
		};
		BB0F7A361C9337D200BDBB2E /* IOS01Tests */ = {
			isa = PBXNativeTarget;
			buildConfigurationList = BB0F7A4E1C9337D200BDBB2E /* Build configuration list for PBXNativeTarget "IOS01Tests" */;
			buildPhases = (
				BB0F7A331C9337D200BDBB2E /* Sources */,
				BB0F7A341C9337D200BDBB2E /* Frameworks */,
				BB0F7A351C9337D200BDBB2E /* Resources */,
			);
			buildRules = (
			);
			dependencies = (
				BB0F7A391C9337D200BDBB2E /* PBXTargetDependency */,
			);
			name = IOS01Tests;
			productName = IOS01Tests;
			productReference = BB0F7A371C9337D200BDBB2E /* IOS01Tests.xctest */;
			productType = "com.apple.product-type.bundle.unit-test";
		};
		BB0F7A411C9337D200BDBB2E /* IOS01UITests */ = {
			isa = PBXNativeTarget;
			buildConfigurationList = BB0F7A511C9337D200BDBB2E /* Build configuration list for PBXNativeTarget "IOS01UITests" */;
			buildPhases = (
				BB0F7A3E1C9337D200BDBB2E /* Sources */,
				BB0F7A3F1C9337D200BDBB2E /* Frameworks */,
				BB0F7A401C9337D200BDBB2E /* Resources */,
			);
			buildRules = (
			);
			dependencies = (
				BB0F7A441C9337D200BDBB2E /* PBXTargetDependency */,
			);
			name = IOS01UITests;
			productName = IOS01UITests;
			productReference = BB0F7A421C9337D200BDBB2E /* IOS01UITests.xctest */;
			productType = "com.apple.product-type.bundle.ui-testing";
		};
/* End PBXNativeTarget section */

/* Begin PBXProject section */
		BB0F7A1B1C9337D100BDBB2E /* Project object */ = {
			isa = PBXProject;
			attributes = {
				LastSwiftUpdateCheck = 0720;
				LastUpgradeCheck = 0720;
				ORGANIZATIONNAME = "Su Justin";
				TargetAttributes = {
					BB0F7A221C9337D100BDBB2E = {
						CreatedOnToolsVersion = 7.2.1;
						LastSwiftMigration = 0800;
					};
					BB0F7A361C9337D200BDBB2E = {
						CreatedOnToolsVersion = 7.2.1;
						LastSwiftMigration = 0800;
						TestTargetID = BB0F7A221C9337D100BDBB2E;
					};
					BB0F7A411C9337D200BDBB2E = {
						CreatedOnToolsVersion = 7.2.1;
						LastSwiftMigration = 0800;
						TestTargetID = BB0F7A221C9337D100BDBB2E;
					};
				};
			};
			buildConfigurationList = BB0F7A1E1C9337D100BDBB2E /* Build configuration list for PBXProject "IOS01" */;
			compatibilityVersion = "Xcode 3.2";
			developmentRegion = English;
			hasScannedForEncodings = 0;
			knownRegions = (
				en,
				Base,
			);
			mainGroup = BB0F7A1A1C9337D000BDBB2E;
			productRefGroup = BB0F7A241C9337D100BDBB2E /* Products */;
			projectDirPath = "";
			projectRoot = "";
			targets = (
				BB0F7A221C9337D100BDBB2E /* IOS01 */,
				BB0F7A361C9337D200BDBB2E /* IOS01Tests */,
				BB0F7A411C9337D200BDBB2E /* IOS01UITests */,
			);
		};
/* End PBXProject section */

/* Begin PBXResourcesBuildPhase section */
		BB0F7A211C9337D100BDBB2E /* Resources */ = {
			isa = PBXResourcesBuildPhase;
			buildActionMask = 2147483647;
			files = (
				BB0F7A311C9337D200BDBB2E /* LaunchScreen.storyboard in Resources */,
				BB0F7A2E1C9337D200BDBB2E /* Assets.xcassets in Resources */,
				BB0F7A2C1C9337D100BDBB2E /* Main.storyboard in Resources */,
			);
			runOnlyForDeploymentPostprocessing = 0;
		};
		BB0F7A351C9337D200BDBB2E /* Resources */ = {
			isa = PBXResourcesBuildPhase;
			buildActionMask = 2147483647;
			files = (
			);
			runOnlyForDeploymentPostprocessing = 0;
		};
		BB0F7A401C9337D200BDBB2E /* Resources */ = {
			isa = PBXResourcesBuildPhase;
			buildActionMask = 2147483647;
			files = (
			);
			runOnlyForDeploymentPostprocessing = 0;
		};
/* End PBXResourcesBuildPhase section */

/* Begin PBXSourcesBuildPhase section */
		BB0F7A1F1C9337D100BDBB2E /* Sources */ = {
			isa = PBXSourcesBuildPhase;
			buildActionMask = 2147483647;
			files = (
				BB0F7A291C9337D100BDBB2E /* ViewController.swift in Sources */,
				BB0F7A271C9337D100BDBB2E /* AppDelegate.swift in Sources */,
			);
			runOnlyForDeploymentPostprocessing = 0;
		};
		BB0F7A331C9337D200BDBB2E /* Sources */ = {
			isa = PBXSourcesBuildPhase;
			buildActionMask = 2147483647;
			files = (
				BB0F7A3C1C9337D200BDBB2E /* IOS01Tests.swift in Sources */,
			);
			runOnlyForDeploymentPostprocessing = 0;
		};
		BB0F7A3E1C9337D200BDBB2E /* Sources */ = {
			isa = PBXSourcesBuildPhase;
			buildActionMask = 2147483647;
			files = (
				BB0F7A471C9337D200BDBB2E /* IOS01UITests.swift in Sources */,
			);
			runOnlyForDeploymentPostprocessing = 0;
		};
/* End PBXSourcesBuildPhase section */

/* Begin PBXTargetDependency section */
		BB0F7A391C9337D200BDBB2E /* PBXTargetDependency */ = {
			isa = PBXTargetDependency;
			target = BB0F7A221C9337D100BDBB2E /* IOS01 */;
			targetProxy = BB0F7A381C9337D200BDBB2E /* PBXContainerItemProxy */;
		};
		BB0F7A441C9337D200BDBB2E /* PBXTargetDependency */ = {
			isa = PBXTargetDependency;
			target = BB0F7A221C9337D100BDBB2E /* IOS01 */;
			targetProxy = BB0F7A431C9337D200BDBB2E /* PBXContainerItemProxy */;
		};
/* End PBXTargetDependency section */

/* Begin PBXVariantGroup section */
		BB0F7A2A1C9337D100BDBB2E /* Main.storyboard */ = {
			isa = PBXVariantGroup;
			children = (
				BB0F7A2B1C9337D100BDBB2E /* Base */,
			);
			name = Main.storyboard;
			sourceTree = "<group>";
		};
		BB0F7A2F1C9337D200BDBB2E /* LaunchScreen.storyboard */ = {
			isa = PBXVariantGroup;
			children = (
				BB0F7A301C9337D200BDBB2E /* Base */,
			);
			name = LaunchScreen.storyboard;
			sourceTree = "<group>";
		};
/* End PBXVariantGroup section */

/* Begin XCBuildConfiguration section */
		BB0F7A491C9337D200BDBB2E /* Debug */ = {
			isa = XCBuildConfiguration;
			buildSettings = {
				ALWAYS_SEARCH_USER_PATHS = NO;
				CLANG_CXX_LANGUAGE_STANDARD = "gnu++0x";
				CLANG_CXX_LIBRARY = "libc++";
				CLANG_ENABLE_MODULES = YES;
				CLANG_ENABLE_OBJC_ARC = YES;
				CLANG_WARN_BOOL_CONVERSION = YES;
				CLANG_WARN_CONSTANT_CONVERSION = YES;
				CLANG_WARN_DIRECT_OBJC_ISA_USAGE = YES_ERROR;
				CLANG_WARN_EMPTY_BODY = YES;
				CLANG_WARN_ENUM_CONVERSION = YES;
				CLANG_WARN_INT_CONVERSION = YES;
				CLANG_WARN_OBJC_ROOT_CLASS = YES_ERROR;
				CLANG_WARN_UNREACHABLE_CODE = YES;
				CLANG_WARN__DUPLICATE_METHOD_MATCH = YES;
				"CODE_SIGN_IDENTITY[sdk=iphoneos*]" = "iPhone Developer";
				COPY_PHASE_STRIP = NO;
				DEBUG_INFORMATION_FORMAT = dwarf;
				ENABLE_STRICT_OBJC_MSGSEND = YES;
				ENABLE_TESTABILITY = YES;
				GCC_C_LANGUAGE_STANDARD = gnu99;
				GCC_DYNAMIC_NO_PIC = NO;
				GCC_NO_COMMON_BLOCKS = YES;
				GCC_OPTIMIZATION_LEVEL = 0;
				GCC_PREPROCESSOR_DEFINITIONS = (
					"DEBUG=1",
					"$(inherited)",
				);
				GCC_WARN_64_TO_32_BIT_CONVERSION = YES;
				GCC_WARN_ABOUT_RETURN_TYPE = YES_ERROR;
				GCC_WARN_UNDECLARED_SELECTOR = YES;
				GCC_WARN_UNINITIALIZED_AUTOS = YES_AGGRESSIVE;
				GCC_WARN_UNUSED_FUNCTION = YES;
				GCC_WARN_UNUSED_VARIABLE = YES;
				IPHONEOS_DEPLOYMENT_TARGET = 9.2;
				MTL_ENABLE_DEBUG_INFO = YES;
				ONLY_ACTIVE_ARCH = YES;
				SDKROOT = iphoneos;
				SWIFT_OPTIMIZATION_LEVEL = "-Onone";
			};
			name = Debug;
		};
		BB0F7A4A1C9337D200BDBB2E /* Release */ = {
			isa = XCBuildConfiguration;
			buildSettings = {
				ALWAYS_SEARCH_USER_PATHS = NO;
				CLANG_CXX_LANGUAGE_STANDARD = "gnu++0x";
				CLANG_CXX_LIBRARY = "libc++";
				CLANG_ENABLE_MODULES = YES;
				CLANG_ENABLE_OBJC_ARC = YES;
				CLANG_WARN_BOOL_CONVERSION = YES;
				CLANG_WARN_CONSTANT_CONVERSION = YES;
				CLANG_WARN_DIRECT_OBJC_ISA_USAGE = YES_ERROR;
				CLANG_WARN_EMPTY_BODY = YES;
				CLANG_WARN_ENUM_CONVERSION = YES;
				CLANG_WARN_INT_CONVERSION = YES;
				CLANG_WARN_OBJC_ROOT_CLASS = YES_ERROR;
				CLANG_WARN_UNREACHABLE_CODE = YES;
				CLANG_WARN__DUPLICATE_METHOD_MATCH = YES;
				"CODE_SIGN_IDENTITY[sdk=iphoneos*]" = "iPhone Developer";
				COPY_PHASE_STRIP = NO;
				DEBUG_INFORMATION_FORMAT = "dwarf-with-dsym";
				ENABLE_NS_ASSERTIONS = NO;
				ENABLE_STRICT_OBJC_MSGSEND = YES;
				GCC_C_LANGUAGE_STANDARD = gnu99;
				GCC_NO_COMMON_BLOCKS = YES;
				GCC_WARN_64_TO_32_BIT_CONVERSION = YES;
				GCC_WARN_ABOUT_RETURN_TYPE = YES_ERROR;
				GCC_WARN_UNDECLARED_SELECTOR = YES;
				GCC_WARN_UNINITIALIZED_AUTOS = YES_AGGRESSIVE;
				GCC_WARN_UNUSED_FUNCTION = YES;
				GCC_WARN_UNUSED_VARIABLE = YES;
				IPHONEOS_DEPLOYMENT_TARGET = 9.2;
				MTL_ENABLE_DEBUG_INFO = NO;
				SDKROOT = iphoneos;
				VALIDATE_PRODUCT = YES;
			};
			name = Release;
		};
		BB0F7A4C1C9337D200BDBB2E /* Debug */ = {
			isa = XCBuildConfiguration;
			buildSettings = {
				ASSETCATALOG_COMPILER_APPICON_NAME = AppIcon;
				CODE_SIGN_IDENTITY = "iPhone Developer";
				INFOPLIST_FILE = IOS01/Info.plist;
				LD_RUNPATH_SEARCH_PATHS = "$(inherited) @executable_path/Frameworks";
				PRODUCT_BUNDLE_IDENTIFIER = su.IOS01;
				PRODUCT_NAME = "$(TARGET_NAME)";
				SWIFT_VERSION = 2.3;
				TARGETED_DEVICE_FAMILY = 1;
			};
			name = Debug;
		};
		BB0F7A4D1C9337D200BDBB2E /* Release */ = {
			isa = XCBuildConfiguration;
			buildSettings = {
				ASSETCATALOG_COMPILER_APPICON_NAME = AppIcon;
				CODE_SIGN_IDENTITY = "iPhone Developer";
				INFOPLIST_FILE = IOS01/Info.plist;
				LD_RUNPATH_SEARCH_PATHS = "$(inherited) @executable_path/Frameworks";
				PRODUCT_BUNDLE_IDENTIFIER = su.IOS01;
				PRODUCT_NAME = "$(TARGET_NAME)";
				SWIFT_VERSION = 2.3;
				TARGETED_DEVICE_FAMILY = 1;
			};
			name = Release;
		};
		BB0F7A4F1C9337D200BDBB2E /* Debug */ = {
			isa = XCBuildConfiguration;
			buildSettings = {
				BUNDLE_LOADER = "$(TEST_HOST)";
				INFOPLIST_FILE = IOS01Tests/Info.plist;
				LD_RUNPATH_SEARCH_PATHS = "$(inherited) @executable_path/Frameworks @loader_path/Frameworks";
				PRODUCT_BUNDLE_IDENTIFIER = su.IOS01Tests;
				PRODUCT_NAME = "$(TARGET_NAME)";
				SWIFT_VERSION = 2.3;
				TEST_HOST = "$(BUILT_PRODUCTS_DIR)/IOS01.app/IOS01";
			};
			name = Debug;
		};
		BB0F7A501C9337D200BDBB2E /* Release */ = {
			isa = XCBuildConfiguration;
			buildSettings = {
				BUNDLE_LOADER = "$(TEST_HOST)";
				INFOPLIST_FILE = IOS01Tests/Info.plist;
				LD_RUNPATH_SEARCH_PATHS = "$(inherited) @executable_path/Frameworks @loader_path/Frameworks";
				PRODUCT_BUNDLE_IDENTIFIER = su.IOS01Tests;
				PRODUCT_NAME = "$(TARGET_NAME)";
				SWIFT_VERSION = 2.3;
				TEST_HOST = "$(BUILT_PRODUCTS_DIR)/IOS01.app/IOS01";
			};
			name = Release;
		};
		BB0F7A521C9337D200BDBB2E /* Debug */ = {
			isa = XCBuildConfiguration;
			buildSettings = {
				"CODE_SIGN_ENTITLEMENTS[sdk=*]" = "";
				INFOPLIST_FILE = IOS01UITests/Info.plist;
				LD_RUNPATH_SEARCH_PATHS = "$(inherited) @executable_path/Frameworks @loader_path/Frameworks";
				PRODUCT_BUNDLE_IDENTIFIER = su.IOS01UITests;
				PRODUCT_NAME = "$(TARGET_NAME)";
				SWIFT_VERSION = 2.3;
				TEST_TARGET_NAME = IOS01;
				USES_XCTRUNNER = YES;
			};
			name = Debug;
		};
		BB0F7A531C9337D200BDBB2E /* Release */ = {
			isa = XCBuildConfiguration;
			buildSettings = {
				INFOPLIST_FILE = IOS01UITests/Info.plist;
				LD_RUNPATH_SEARCH_PATHS = "$(inherited) @executable_path/Frameworks @loader_path/Frameworks";
				PRODUCT_BUNDLE_IDENTIFIER = su.IOS01UITests;
				PRODUCT_NAME = "$(TARGET_NAME)";
				SWIFT_VERSION = 2.3;
				TEST_TARGET_NAME = IOS01;
				USES_XCTRUNNER = YES;
			};
			name = Release;
		};
/* End XCBuildConfiguration section */

/* Begin XCConfigurationList section */
		BB0F7A1E1C9337D100BDBB2E /* Build configuration list for PBXProject "IOS01" */ = {
			isa = XCConfigurationList;
			buildConfigurations = (
				BB0F7A491C9337D200BDBB2E /* Debug */,
				BB0F7A4A1C9337D200BDBB2E /* Release */,
			);
			defaultConfigurationIsVisible = 0;
			defaultConfigurationName = Release;
		};
		BB0F7A4B1C9337D200BDBB2E /* Build configuration list for PBXNativeTarget "IOS01" */ = {
			isa = XCConfigurationList;
			buildConfigurations = (
				BB0F7A4C1C9337D200BDBB2E /* Debug */,
				BB0F7A4D1C9337D200BDBB2E /* Release */,
			);
			defaultConfigurationIsVisible = 0;
			defaultConfigurationName = Release;
		};
		BB0F7A4E1C9337D200BDBB2E /* Build configuration list for PBXNativeTarget "IOS01Tests" */ = {
			isa = XCConfigurationList;
			buildConfigurations = (
				BB0F7A4F1C9337D200BDBB2E /* Debug */,
				BB0F7A501C9337D200BDBB2E /* Release */,
			);
			defaultConfigurationIsVisible = 0;
			defaultConfigurationName = Release;
		};
		BB0F7A511C9337D200BDBB2E /* Build configuration list for PBXNativeTarget "IOS01UITests" */ = {
			isa = XCConfigurationList;
			buildConfigurations = (
				BB0F7A521C9337D200BDBB2E /* Debug */,
				BB0F7A531C9337D200BDBB2E /* Release */,
			);
			defaultConfigurationIsVisible = 0;
			defaultConfigurationName = Release;
		};
/* End XCConfigurationList section */
	};
	rootObject = BB0F7A1B1C9337D100BDBB2E /* Project object */;
}
